
Microsoft Visual Studio Solution File, Format Version 12.00
Project("{FAE04EC0-301F-11D3-BF4B-00C04F79EFBC}") = "leetcode1", "leetcode1\leetcode1.csproj", "{F1D1C516-E370-4C2C-A6BC-F69D874BAE7C}"
EndProject
Project("{FAE04EC0-301F-11D3-BF4B-00C04F79EFBC}") = "leetcode1Console", "leetcode1Console\leetcode1Console.csproj", "{4D9D3E63-09EB-4459-A5D8-B5F9B1C64AEC}"
EndProject
Global
	GlobalSection(SolutionConfigurationPlatforms) = preSolution
		Debug|Any CPU = Debug|Any CPU
		Release|Any CPU = Release|Any CPU
	EndGlobalSection
	GlobalSection(ProjectConfigurationPlatforms) = postSolution
		{F1D1C516-E370-4C2C-A6BC-F69D874BAE7C}.Debug|Any CPU.ActiveCfg = Debug|Any CPU
		{F1D1C516-E370-4C2C-A6BC-F69D874BAE7C}.Debug|Any CPU.Build.0 = Debug|Any CPU
		{F1D1C516-E370-4C2C-A6BC-F69D874BAE7C}.Release|Any CPU.ActiveCfg = Release|Any CPU
		{F1D1C516-E370-4C2C-A6BC-F69D874BAE7C}.Release|Any CPU.Build.0 = Release|Any CPU
		{4D9D3E63-09EB-4459-A5D8-B5F9B1C64AEC}.Debug|Any CPU.ActiveCfg = Debug|Any CPU
		{4D9D3E63-09EB-4459-A5D8-B5F9B1C64AEC}.Debug|Any CPU.Build.0 = Debug|Any CPU
		{4D9D3E63-09EB-4459-A5D8-B5F9B1C64AEC}.Release|Any CPU.ActiveCfg = Release|Any CPU
		{4D9D3E63-09EB-4459-A5D8-B5F9B1C64AEC}.Release|Any CPU.Build.0 = Release|Any CPU
	EndGlobalSection
EndGlobal
